lockfileVersion: 5.4

specifiers:
  '@types/node': 18.11.7
  next: ^12.3.1
  react: ^17.0.2
  react-bootstrap: ^2.5.0
  react-dom: ^17.0.2

dependencies:
  next: registry.npmjs.org/next/12.3.1_sfoxds7t5ydpegc3knd667wn6m
  react: registry.npmjs.org/react/17.0.2
  react-bootstrap: registry.npmjs.org/react-bootstrap/2.5.0_sfoxds7t5ydpegc3knd667wn6m
  react-dom: registry.npmjs.org/react-dom/17.0.2_react@17.0.2

devDependencies:
  '@types/node': registry.npmjs.org/@types/node/18.11.7

packages:

  registry.npmjs.org/@babel/runtime/7.20.0:
    resolution: {integrity: sha512-NDYdls71fTXoU8TZHfbBWg7DiZfNzClcKui/+kyi6ppD2L1qnWW3VV6CjtaBXSUGGhiTWJ6ereOIkUvenif66Q==, registry: https://registry.npmjs.com/, tarball: https://registry.npmjs.org/@babel/runtime/-/runtime-7.20.0.tgz}
    name: '@babel/runtime'
    version: 7.20.0
    engines: {node: '>=6.9.0'}
    dependencies:
      regenerator-runtime: registry.npmjs.org/regenerator-runtime/0.13.10
    dev: false

  registry.npmjs.org/@next/env/12.3.1:
    resolution: {integrity: sha512-9P9THmRFVKGKt9DYqeC2aKIxm8rlvkK38V1P1sRE7qyoPBIs8l9oo79QoSdPtOWfzkbDAVUqvbQGgTMsb8BtJg==, registry: https://registry.npmjs.com/, tarball: https://registry.npmjs.org/@next/env/-/env-12.3.1.tgz}
    name: '@next/env'
    version: 12.3.1
    dev: false

  registry.npmjs.org/@next/swc-android-arm-eabi/12.3.1:
    resolution: {integrity: sha512-i+BvKA8tB//srVPPQxIQN5lvfROcfv4OB23/L1nXznP+N/TyKL8lql3l7oo2LNhnH66zWhfoemg3Q4VJZSruzQ==, registry: https://registry.npmjs.com/, tarball: https://registry.npmjs.org/@next/swc-android-arm-eabi/-/swc-android-arm-eabi-12.3.1.tgz}
    name: '@next/swc-android-arm-eabi'
    version: 12.3.1
    engines: {node: '>= 10'}
    cpu: [arm]
    os: [android]
    requiresBuild: true
    dev: false
    optional: true

  registry.npmjs.org/@next/swc-android-arm64/12.3.1:
    resolution: {integrity: sha512-CmgU2ZNyBP0rkugOOqLnjl3+eRpXBzB/I2sjwcGZ7/Z6RcUJXK5Evz+N0ucOxqE4cZ3gkTeXtSzRrMK2mGYV8Q==, registry: https://registry.npmjs.com/, tarball: https://registry.npmjs.org/@next/swc-android-arm64/-/swc-android-arm64-12.3.1.tgz}
    name: '@next/swc-android-arm64'
    version: 12.3.1
    engines: {node: '>= 10'}
    cpu: [arm64]
    os: [android]
    requiresBuild: true
    dev: false
    optional: true

  registry.npmjs.org/@next/swc-darwin-arm64/12.3.1:
    resolution: {integrity: sha512-hT/EBGNcu0ITiuWDYU9ur57Oa4LybD5DOQp4f22T6zLfpoBMfBibPtR8XktXmOyFHrL/6FC2p9ojdLZhWhvBHg==, registry: https://registry.npmjs.com/, tarball: https://registry.npmjs.org/@next/swc-darwin-arm64/-/swc-darwin-arm64-12.3.1.tgz}
    name: '@next/swc-darwin-arm64'
    version: 12.3.1
    engines: {node: '>= 10'}
    cpu: [arm64]
    os: [darwin]
    requiresBuild: true
    dev: false
    optional: true

  registry.npmjs.org/@next/swc-darwin-x64/12.3.1:
    resolution: {integrity: sha512-9S6EVueCVCyGf2vuiLiGEHZCJcPAxglyckTZcEwLdJwozLqN0gtS0Eq0bQlGS3dH49Py/rQYpZ3KVWZ9BUf/WA==, registry: https://registry.npmjs.com/, tarball: https://registry.npmjs.org/@next/swc-darwin-x64/-/swc-darwin-x64-12.3.1.tgz}
    name: '@next/swc-darwin-x64'
    version: 12.3.1
    engines: {node: '>= 10'}
    cpu: [x64]
    os: [darwin]
    requiresBuild: true
    dev: false
    optional: true

  registry.npmjs.org/@next/swc-freebsd-x64/12.3.1:
    resolution: {integrity: sha512-qcuUQkaBZWqzM0F1N4AkAh88lLzzpfE6ImOcI1P6YeyJSsBmpBIV8o70zV+Wxpc26yV9vpzb+e5gCyxNjKJg5Q==, registry: https://registry.npmjs.com/, tarball: https://registry.npmjs.org/@next/swc-freebsd-x64/-/swc-freebsd-x64-12.3.1.tgz}
    name: '@next/swc-freebsd-x64'
    version: 12.3.1
    engines: {node: '>= 10'}
    cpu: [x64]
    os: [freebsd]
    requiresBuild: true
    dev: false
    optional: true

  registry.npmjs.org/@next/swc-linux-arm-gnueabihf/12.3.1:
    resolution: {integrity: sha512-diL9MSYrEI5nY2wc/h/DBewEDUzr/DqBjIgHJ3RUNtETAOB3spMNHvJk2XKUDjnQuluLmFMloet9tpEqU2TT9w==, registry: https://registry.npmjs.com/, tarball: https://registry.npmjs.org/@next/swc-linux-arm-gnueabihf/-/swc-linux-arm-gnueabihf-12.3.1.tgz}
    name: '@next/swc-linux-arm-gnueabihf'
    version: 12.3.1
    engines: {node: '>= 10'}
    cpu: [arm]
    os: [linux]
    requiresBuild: true
    dev: false
    optional: true

  registry.npmjs.org/@next/swc-linux-arm64-gnu/12.3.1:
    resolution: {integrity: sha512-o/xB2nztoaC7jnXU3Q36vGgOolJpsGG8ETNjxM1VAPxRwM7FyGCPHOMk1XavG88QZSQf+1r+POBW0tLxQOJ9DQ==, registry: https://registry.npmjs.com/, tarball: https://registry.npmjs.org/@next/swc-linux-arm64-gnu/-/swc-linux-arm64-gnu-12.3.1.tgz}
    name: '@next/swc-linux-arm64-gnu'
    version: 12.3.1
    engines: {node: '>= 10'}
    cpu: [arm64]
    os: [linux]
    requiresBuild: true
    dev: false
    optional: true

  registry.npmjs.org/@next/swc-linux-arm64-musl/12.3.1:
    resolution: {integrity: sha512-2WEasRxJzgAmP43glFNhADpe8zB7kJofhEAVNbDJZANp+H4+wq+/cW1CdDi8DqjkShPEA6/ejJw+xnEyDID2jg==, registry: https://registry.npmjs.com/, tarball: https://registry.npmjs.org/@next/swc-linux-arm64-musl/-/swc-linux-arm64-musl-12.3.1.tgz}
    name: '@next/swc-linux-arm64-musl'
    version: 12.3.1
    engines: {node: '>= 10'}
    cpu: [arm64]
    os: [linux]
    requiresBuild: true
    dev: false
    optional: true

  registry.npmjs.org/@next/swc-linux-x64-gnu/12.3.1:
    resolution: {integrity: sha512-JWEaMyvNrXuM3dyy9Pp5cFPuSSvG82+yABqsWugjWlvfmnlnx9HOQZY23bFq3cNghy5V/t0iPb6cffzRWylgsA==, registry: https://registry.npmjs.com/, tarball: https://registry.npmjs.org/@next/swc-linux-x64-gnu/-/swc-linux-x64-gnu-12.3.1.tgz}
    name: '@next/swc-linux-x64-gnu'
    version: 12.3.1
    engines: {node: '>= 10'}
    cpu: [x64]
    os: [linux]
    requiresBuild: true
    dev: false
    optional: true

  registry.npmjs.org/@next/swc-linux-x64-musl/12.3.1:
    resolution: {integrity: sha512-xoEWQQ71waWc4BZcOjmatuvPUXKTv6MbIFzpm4LFeCHsg2iwai0ILmNXf81rJR+L1Wb9ifEke2sQpZSPNz1Iyg==, registry: https://registry.npmjs.com/, tarball: https://registry.npmjs.org/@next/swc-linux-x64-musl/-/swc-linux-x64-musl-12.3.1.tgz}
    name: '@next/swc-linux-x64-musl'
    version: 12.3.1
    engines: {node: '>= 10'}
    cpu: [x64]
    os: [linux]
    requiresBuild: true
    dev: false
    optional: true

  registry.npmjs.org/@next/swc-win32-arm64-msvc/12.3.1:
    resolution: {integrity: sha512-hswVFYQYIeGHE2JYaBVtvqmBQ1CppplQbZJS/JgrVI3x2CurNhEkmds/yqvDONfwfbttTtH4+q9Dzf/WVl3Opw==, registry: https://registry.npmjs.com/, tarball: https://registry.npmjs.org/@next/swc-win32-arm64-msvc/-/swc-win32-arm64-msvc-12.3.1.tgz}
    name: '@next/swc-win32-arm64-msvc'
    version: 12.3.1
    engines: {node: '>= 10'}
    cpu: [arm64]
    os: [win32]
    requiresBuild: true
    dev: false
    optional: true

  registry.npmjs.org/@next/swc-win32-ia32-msvc/12.3.1:
    resolution: {integrity: sha512-Kny5JBehkTbKPmqulr5i+iKntO5YMP+bVM8Hf8UAmjSMVo3wehyLVc9IZkNmcbxi+vwETnQvJaT5ynYBkJ9dWA==, registry: https://registry.npmjs.com/, tarball: https://registry.npmjs.org/@next/swc-win32-ia32-msvc/-/swc-win32-ia32-msvc-12.3.1.tgz}
    name: '@next/swc-win32-ia32-msvc'
    version: 12.3.1
    engines: {node: '>= 10'}
    cpu: [ia32]
    os: [win32]
    requiresBuild: true
    dev: false
    optional: true

  registry.npmjs.org/@next/swc-win32-x64-msvc/12.3.1:
    resolution: {integrity: sha512-W1ijvzzg+kPEX6LAc+50EYYSEo0FVu7dmTE+t+DM4iOLqgGHoW9uYSz9wCVdkXOEEMP9xhXfGpcSxsfDucyPkA==, registry: https://registry.npmjs.com/, tarball: https://registry.npmjs.org/@next/swc-win32-x64-msvc/-/swc-win32-x64-msvc-12.3.1.tgz}
    name: '@next/swc-win32-x64-msvc'
    version: 12.3.1
    engines: {node: '>= 10'}
    cpu: [x64]
    os: [win32]
    requiresBuild: true
    dev: false
    optional: true

  registry.npmjs.org/@popperjs/core/2.11.6:
    resolution: {integrity: sha512-50/17A98tWUfQ176raKiOGXuYpLyyVMkxxG6oylzL3BPOlA6ADGdK7EYunSa4I064xerltq9TGXs8HmOk5E+vw==, registry: https://registry.npmjs.com/, tarball: https://registry.npmjs.org/@popperjs/core/-/core-2.11.6.tgz}
    name: '@popperjs/core'
    version: 2.11.6
    dev: false

  registry.npmjs.org/@react-aria/ssr/3.3.0_react@17.0.2:
    resolution: {integrity: sha512-yNqUDuOVZIUGP81R87BJVi/ZUZp/nYOBXbPsRe7oltJOfErQZD+UezMpw4vM2KRz18cURffvmC8tJ6JTeyDtaQ==, registry: https://registry.npmjs.com/, tarball: https://registry.npmjs.org/@react-aria/ssr/-/ssr-3.3.0.tgz}
    id: registry.npmjs.org/@react-aria/ssr/3.3.0
    name: '@react-aria/ssr'
    version: 3.3.0
    peerDependencies:
      react: ^16.8.0 || ^17.0.0-rc.1 || ^18.0.0
    dependencies:
      '@babel/runtime': registry.npmjs.org/@babel/runtime/7.20.0
      react: registry.npmjs.org/react/17.0.2
    dev: false

  registry.npmjs.org/@restart/hooks/0.4.7_react@17.0.2:
    resolution: {integrity: sha512-ZbjlEHcG+FQtpDPHd7i4FzNNvJf2enAwZfJbpM8CW7BhmOAbsHpZe3tsHwfQUrBuyrxWqPYp2x5UMnilWcY22A==, registry: https://registry.npmjs.com/, tarball: https://registry.npmjs.org/@restart/hooks/-/hooks-0.4.7.tgz}
    id: registry.npmjs.org/@restart/hooks/0.4.7
    name: '@restart/hooks'
    version: 0.4.7
    peerDependencies:
      react: '>=16.8.0'
    dependencies:
      dequal: registry.npmjs.org/dequal/2.0.3
      react: registry.npmjs.org/react/17.0.2
    dev: false

  registry.npmjs.org/@restart/ui/1.4.0_sfoxds7t5ydpegc3knd667wn6m:
    resolution: {integrity: sha512-5dDj5uDzUgK1iijWPRg6AnxjkHM04XhTQDJirM1h/8tIc7KyLtF9YyjcCpNEn259hPMXswpkfXKNgiag0skPFg==, registry: https://registry.npmjs.com/, tarball: https://registry.npmjs.org/@restart/ui/-/ui-1.4.0.tgz}
    id: registry.npmjs.org/@restart/ui/1.4.0
    name: '@restart/ui'
    version: 1.4.0
    peerDependencies:
      react: '>=16.14.0'
      react-dom: '>=16.14.0'
    dependencies:
      '@babel/runtime': registry.npmjs.org/@babel/runtime/7.20.0
      '@popperjs/core': registry.npmjs.org/@popperjs/core/2.11.6
      '@react-aria/ssr': registry.npmjs.org/@react-aria/ssr/3.3.0_react@17.0.2
      '@restart/hooks': registry.npmjs.org/@restart/hooks/0.4.7_react@17.0.2
      '@types/warning': registry.npmjs.org/@types/warning/3.0.0
      dequal: registry.npmjs.org/dequal/2.0.3
      dom-helpers: registry.npmjs.org/dom-helpers/5.2.1
      react: registry.npmjs.org/react/17.0.2
      react-dom: registry.npmjs.org/react-dom/17.0.2_react@17.0.2
      uncontrollable: registry.npmjs.org/uncontrollable/7.2.1_react@17.0.2
      warning: registry.npmjs.org/warning/4.0.3
    dev: false

  registry.npmjs.org/@swc/helpers/0.4.11:
    resolution: {integrity: sha512-rEUrBSGIoSFuYxwBYtlUFMlE2CwGhmW+w9355/5oduSw8e5h2+Tj4UrAGNNgP9915++wj5vkQo0UuOBqOAq4nw==, registry: https://registry.npmjs.com/, tarball: https://registry.npmjs.org/@swc/helpers/-/helpers-0.4.11.tgz}
    name: '@swc/helpers'
    version: 0.4.11
    dependencies:
      tslib: registry.npmjs.org/tslib/2.4.0
    dev: false

  registry.npmjs.org/@types/node/18.11.7:
    resolution: {integrity: sha512-LhFTglglr63mNXUSRYD8A+ZAIu5sFqNJ4Y2fPuY7UlrySJH87rRRlhtVmMHplmfk5WkoJGmDjE9oiTfyX94CpQ==, registry: https://registry.npmjs.com/, tarball: https://registry.npmjs.org/@types/node/-/node-18.11.7.tgz}
    name: '@types/node'
    version: 18.11.7
    dev: true

  registry.npmjs.org/@types/prop-types/15.7.5:
    resolution: {integrity: sha512-JCB8C6SnDoQf0cNycqd/35A7MjcnK+ZTqE7judS6o7utxUCg6imJg3QK2qzHKszlTjcj2cn+NwMB2i96ubpj7w==, registry: https://registry.npmjs.com/, tarball: https://registry.npmjs.org/@types/prop-types/-/prop-types-15.7.5.tgz}
    name: '@types/prop-types'
    version: 15.7.5
    dev: false

  registry.npmjs.org/@types/react-transition-group/4.4.5:
    resolution: {integrity: sha512-juKD/eiSM3/xZYzjuzH6ZwpP+/lejltmiS3QEzV/vmb/Q8+HfDmxu+Baga8UEMGBqV88Nbg4l2hY/K2DkyaLLA==, registry: https://registry.npmjs.com/, tarball: https://registry.npmjs.org/@types/react-transition-group/-/react-transition-group-4.4.5.tgz}
    name: '@types/react-transition-group'
    version: 4.4.5
    dependencies:
      '@types/react': registry.npmjs.org/@types/react/18.0.24
    dev: false

  registry.npmjs.org/@types/react/18.0.24:
    resolution: {integrity: sha512-wRJWT6ouziGUy+9uX0aW4YOJxAY0bG6/AOk5AW5QSvZqI7dk6VBIbXvcVgIw/W5Jrl24f77df98GEKTJGOLx7Q==, registry: https://registry.npmjs.com/, tarball: https://registry.npmjs.org/@types/react/-/react-18.0.24.tgz}
    name: '@types/react'
    version: 18.0.24
    dependencies:
      '@types/prop-types': registry.npmjs.org/@types/prop-types/15.7.5
      '@types/scheduler': registry.npmjs.org/@types/scheduler/0.16.2
      csstype: registry.npmjs.org/csstype/3.1.1
    dev: false

  registry.npmjs.org/@types/scheduler/0.16.2:
    resolution: {integrity: sha512-hppQEBDmlwhFAXKJX2KnWLYu5yMfi91yazPb2l+lbJiwW+wdo1gNeRA+3RgNSO39WYX2euey41KEwnqesU2Jew==, registry: https://registry.npmjs.com/, tarball: https://registry.npmjs.org/@types/scheduler/-/scheduler-0.16.2.tgz}
    name: '@types/scheduler'
    version: 0.16.2
    dev: false

  registry.npmjs.org/@types/warning/3.0.0:
    resolution: {integrity: sha512-t/Tvs5qR47OLOr+4E9ckN8AmP2Tf16gWq+/qA4iUGS/OOyHVO8wv2vjJuX8SNOUTJyWb+2t7wJm6cXILFnOROA==, registry: https://registry.npmjs.com/, tarball: https://registry.npmjs.org/@types/warning/-/warning-3.0.0.tgz}
    name: '@types/warning'
    version: 3.0.0
    dev: false

  registry.npmjs.org/caniuse-lite/1.0.30001426:
    resolution: {integrity: sha512-n7cosrHLl8AWt0wwZw/PJZgUg3lV0gk9LMI7ikGJwhyhgsd2Nb65vKvmSexCqq/J7rbH3mFG6yZZiPR5dLPW5A==, registry: https://registry.npmjs.com/, tarball: https://registry.npmjs.org/caniuse-lite/-/caniuse-lite-1.0.30001426.tgz}
    name: caniuse-lite
    version: 1.0.30001426
    dev: false

  registry.npmjs.org/classnames/2.3.2:
    resolution: {integrity: sha512-CSbhY4cFEJRe6/GQzIk5qXZ4Jeg5pcsP7b5peFSDpffpe1cqjASH/n9UTjBwOp6XpMSTwQ8Za2K5V02ueA7Tmw==, registry: https://registry.npmjs.com/, tarball: https://registry.npmjs.org/classnames/-/classnames-2.3.2.tgz}
    name: classnames
    version: 2.3.2
    dev: false

  registry.npmjs.org/csstype/3.1.1:
    resolution: {integrity: sha512-DJR/VvkAvSZW9bTouZue2sSxDwdTN92uHjqeKVm+0dAqdfNykRzQ95tay8aXMBAAPpUiq4Qcug2L7neoRh2Egw==, registry: https://registry.npmjs.com/, tarball: https://registry.npmjs.org/csstype/-/csstype-3.1.1.tgz}
    name: csstype
    version: 3.1.1
    dev: false

  registry.npmjs.org/dequal/2.0.3:
    resolution: {integrity: sha512-0je+qPKHEMohvfRTCEo3CrPG6cAzAYgmzKyxRiYSSDkS6eGJdyVJm7WaYA5ECaAD9wLB2T4EEeymA5aFVcYXCA==, registry: https://registry.npmjs.com/, tarball: https://registry.npmjs.org/dequal/-/dequal-2.0.3.tgz}
    name: dequal
    version: 2.0.3
    engines: {node: '>=6'}
    dev: false

  registry.npmjs.org/dom-helpers/5.2.1:
    resolution: {integrity: sha512-nRCa7CK3VTrM2NmGkIy4cbK7IZlgBE/PYMn55rrXefr5xXDP0LdtfPnblFDoVdcAfslJ7or6iqAUnx0CCGIWQA==, registry: https://registry.npmjs.com/, tarball: https://registry.npmjs.org/dom-helpers/-/dom-helpers-5.2.1.tgz}
    name: dom-helpers
    version: 5.2.1
    dependencies:
      '@babel/runtime': registry.npmjs.org/@babel/runtime/7.20.0
      csstype: registry.npmjs.org/csstype/3.1.1
    dev: false

  registry.npmjs.org/invariant/2.2.4:
    resolution: {integrity: sha512-phJfQVBuaJM5raOpJjSfkiD6BpbCE4Ns//LaXl6wGYtUBY83nWS6Rf9tXm2e8VaK60JEjYldbPif/A2B1C2gNA==, registry: https://registry.npmjs.com/, tarball: https://registry.npmjs.org/invariant/-/invariant-2.2.4.tgz}
    name: invariant
    version: 2.2.4
    dependencies:
      loose-envify: registry.npmjs.org/loose-envify/1.4.0
    dev: false

  registry.npmjs.org/js-tokens/4.0.0:
    resolution: {integrity: sha512-RdJUflcE3cUzKiMqQgsCu06FPu9UdIJO0beYbPhHN4k6apgJtifcoCtT9bcxOpYBtpD2kCM6Sbzg4CausW/PKQ==, registry: https://registry.npmjs.com/, tarball: https://registry.npmjs.org/js-tokens/-/js-tokens-4.0.0.tgz}
    name: js-tokens
    version: 4.0.0
    dev: false

  registry.npmjs.org/loose-envify/1.4.0:
    resolution: {integrity: sha512-lyuxPGr/Wfhrlem2CL/UcnUc1zcqKAImBDzukY7Y5F/yQiNdko6+fRLevlw1HgMySw7f611UIY408EtxRSoK3Q==, registry: https://registry.npmjs.com/, tarball: https://registry.npmjs.org/loose-envify/-/loose-envify-1.4.0.tgz}
    name: loose-envify
    version: 1.4.0
    hasBin: true
    dependencies:
      js-tokens: registry.npmjs.org/js-tokens/4.0.0
    dev: false

  registry.npmjs.org/nanoid/3.3.4:
    resolution: {integrity: sha512-MqBkQh/OHTS2egovRtLk45wEyNXwF+cokD+1YPf9u5VfJiRdAiRwB2froX5Co9Rh20xs4siNPm8naNotSD6RBw==, registry: https://registry.npmjs.com/, tarball: https://registry.npmjs.org/nanoid/-/nanoid-3.3.4.tgz}
    name: nanoid
    version: 3.3.4
    engines: {node: ^10 || ^12 || ^13.7 || ^14 || >=15.0.1}
    hasBin: true
    dev: false

  registry.npmjs.org/next/12.3.1_sfoxds7t5ydpegc3knd667wn6m:
    resolution: {integrity: sha512-l7bvmSeIwX5lp07WtIiP9u2ytZMv7jIeB8iacR28PuUEFG5j0HGAPnMqyG5kbZNBG2H7tRsrQ4HCjuMOPnANZw==, registry: https://registry.npmjs.com/, tarball: https://registry.npmjs.org/next/-/next-12.3.1.tgz}
    id: registry.npmjs.org/next/12.3.1
    name: next
    version: 12.3.1
    engines: {node: '>=12.22.0'}
    hasBin: true
    peerDependencies:
      fibers: '>= 3.1.0'
      node-sass: ^6.0.0 || ^7.0.0
      react: ^17.0.2 || ^18.0.0-0
      react-dom: ^17.0.2 || ^18.0.0-0
      sass: ^1.3.0
    peerDependenciesMeta:
      fibers:
        optional: true
      node-sass:
        optional: true
      sass:
        optional: true
    dependencies:
      '@next/env': registry.npmjs.org/@next/env/12.3.1
      '@swc/helpers': registry.npmjs.org/@swc/helpers/0.4.11
      caniuse-lite: registry.npmjs.org/caniuse-lite/1.0.30001426
      postcss: registry.npmjs.org/postcss/8.4.14
      react: registry.npmjs.org/react/17.0.2
      react-dom: registry.npmjs.org/react-dom/17.0.2_react@17.0.2
      styled-jsx: registry.npmjs.org/styled-jsx/5.0.7_react@17.0.2
      use-sync-external-store: registry.npmjs.org/use-sync-external-store/1.2.0_react@17.0.2
    optionalDependencies:
      '@next/swc-android-arm-eabi': registry.npmjs.org/@next/swc-android-arm-eabi/12.3.1
      '@next/swc-android-arm64': registry.npmjs.org/@next/swc-android-arm64/12.3.1
      '@next/swc-darwin-arm64': registry.npmjs.org/@next/swc-darwin-arm64/12.3.1
      '@next/swc-darwin-x64': registry.npmjs.org/@next/swc-darwin-x64/12.3.1
      '@next/swc-freebsd-x64': registry.npmjs.org/@next/swc-freebsd-x64/12.3.1
      '@next/swc-linux-arm-gnueabihf': registry.npmjs.org/@next/swc-linux-arm-gnueabihf/12.3.1
      '@next/swc-linux-arm64-gnu': registry.npmjs.org/@next/swc-linux-arm64-gnu/12.3.1
      '@next/swc-linux-arm64-musl': registry.npmjs.org/@next/swc-linux-arm64-musl/12.3.1
      '@next/swc-linux-x64-gnu': registry.npmjs.org/@next/swc-linux-x64-gnu/12.3.1
      '@next/swc-linux-x64-musl': registry.npmjs.org/@next/swc-linux-x64-musl/12.3.1
      '@next/swc-win32-arm64-msvc': registry.npmjs.org/@next/swc-win32-arm64-msvc/12.3.1
      '@next/swc-win32-ia32-msvc': registry.npmjs.org/@next/swc-win32-ia32-msvc/12.3.1
      '@next/swc-win32-x64-msvc': registry.npmjs.org/@next/swc-win32-x64-msvc/12.3.1
    transitivePeerDependencies:
      - '@babel/core'
      - babel-plugin-macros
    dev: false

  registry.npmjs.org/object-assign/4.1.1:
    resolution: {integrity: sha512-rJgTQnkUnH1sFw8yT6VSU3zD3sWmu6sZhIseY8VX+GRu3P6F7Fu+JNDoXfklElbLJSnc3FUQHVe4cU5hj+BcUg==, registry: https://registry.npmjs.com/, tarball: https://registry.npmjs.org/object-assign/-/object-assign-4.1.1.tgz}
    name: object-assign
    version: 4.1.1
    engines: {node: '>=0.10.0'}
    dev: false

  registry.npmjs.org/picocolors/1.0.0:
    resolution: {integrity: sha512-1fygroTLlHu66zi26VoTDv8yRgm0Fccecssto+MhsZ0D/DGW2sm8E8AjW7NU5VVTRt5GxbeZ5qBuJr+HyLYkjQ==, registry: https://registry.npmjs.com/, tarball: https://registry.npmjs.org/picocolors/-/picocolors-1.0.0.tgz}
    name: picocolors
    version: 1.0.0
    dev: false

  registry.npmjs.org/postcss/8.4.14:
    resolution: {integrity: sha512-E398TUmfAYFPBSdzgeieK2Y1+1cpdxJx8yXbK/m57nRhKSmk1GB2tO4lbLBtlkfPQTDKfe4Xqv1ASWPpayPEig==, registry: https://registry.npmjs.com/, tarball: https://registry.npmjs.org/postcss/-/postcss-8.4.14.tgz}
    name: postcss
    version: 8.4.14
    engines: {node: ^10 || ^12 || >=14}
    dependencies:
      nanoid: registry.npmjs.org/nanoid/3.3.4
      picocolors: registry.npmjs.org/picocolors/1.0.0
      source-map-js: registry.npmjs.org/source-map-js/1.0.2
    dev: false

  registry.npmjs.org/prop-types-extra/1.1.1_react@17.0.2:
    resolution: {integrity: sha512-59+AHNnHYCdiC+vMwY52WmvP5dM3QLeoumYuEyceQDi9aEhtwN9zIQ2ZNo25sMyXnbh32h+P1ezDsUpUH3JAew==, registry: https://registry.npmjs.com/, tarball: https://registry.npmjs.org/prop-types-extra/-/prop-types-extra-1.1.1.tgz}
    id: registry.npmjs.org/prop-types-extra/1.1.1
    name: prop-types-extra
    version: 1.1.1
    peerDependencies:
      react: '>=0.14.0'
    dependencies:
      react: registry.npmjs.org/react/17.0.2
      react-is: registry.npmjs.org/react-is/16.13.1
      warning: registry.npmjs.org/warning/4.0.3
    dev: false

  registry.npmjs.org/prop-types/15.8.1:
    resolution: {integrity: sha512-oj87CgZICdulUohogVAR7AjlC0327U4el4L6eAvOqCeudMDVU0NThNaV+b9Df4dXgSP1gXMTnPdhfe/2qDH5cg==, registry: https://registry.npmjs.com/, tarball: https://registry.npmjs.org/prop-types/-/prop-types-15.8.1.tgz}
    name: prop-types
    version: 15.8.1
    dependencies:
      loose-envify: registry.npmjs.org/loose-envify/1.4.0
      object-assign: registry.npmjs.org/object-assign/4.1.1
      react-is: registry.npmjs.org/react-is/16.13.1
    dev: false

  registry.npmjs.org/react-bootstrap/2.5.0_sfoxds7t5ydpegc3knd667wn6m:
    resolution: {integrity: sha512-j/aLR+okzbYk61TM3eDOU1NqOqnUdwyVrF+ojoCRUxPdzc2R0xXvqyRsjSoyRoCo7n82Fs/LWjPCin/QJNdwvA==, registry: https://registry.npmjs.com/, tarball: https://registry.npmjs.org/react-bootstrap/-/react-bootstrap-2.5.0.tgz}
    id: registry.npmjs.org/react-bootstrap/2.5.0
    name: react-bootstrap
    version: 2.5.0
    peerDependencies:
      '@types/react': '>=16.14.8'
      react: '>=16.14.0'
      react-dom: '>=16.14.0'
    peerDependenciesMeta:
      '@types/react':
        optional: true
    dependencies:
      '@babel/runtime': registry.npmjs.org/@babel/runtime/7.20.0
      '@restart/hooks': registry.npmjs.org/@restart/hooks/0.4.7_react@17.0.2
      '@restart/ui': registry.npmjs.org/@restart/ui/1.4.0_sfoxds7t5ydpegc3knd667wn6m
      '@types/react-transition-group': registry.npmjs.org/@types/react-transition-group/4.4.5
      classnames: registry.npmjs.org/classnames/2.3.2
      dom-helpers: registry.npmjs.org/dom-helpers/5.2.1
      invariant: registry.npmjs.org/invariant/2.2.4
      prop-types: registry.npmjs.org/prop-types/15.8.1
      prop-types-extra: registry.npmjs.org/prop-types-extra/1.1.1_react@17.0.2
      react: registry.npmjs.org/react/17.0.2
      react-dom: registry.npmjs.org/react-dom/17.0.2_react@17.0.2
      react-transition-group: registry.npmjs.org/react-transition-group/4.4.5_sfoxds7t5ydpegc3knd667wn6m
      uncontrollable: registry.npmjs.org/uncontrollable/7.2.1_react@17.0.2
      warning: registry.npmjs.org/warning/4.0.3
    dev: false

  registry.npmjs.org/react-dom/17.0.2_react@17.0.2:
    resolution: {integrity: sha512-s4h96KtLDUQlsENhMn1ar8t2bEa+q/YAtj8pPPdIjPDGBDIVNsrD9aXNWqspUe6AzKCIG0C1HZZLqLV7qpOBGA==, registry: https://registry.npmjs.com/, tarball: https://registry.npmjs.org/react-dom/-/react-dom-17.0.2.tgz}
    id: registry.npmjs.org/react-dom/17.0.2
    name: react-dom
    version: 17.0.2
    peerDependencies:
      react: 17.0.2
    dependencies:
      loose-envify: registry.npmjs.org/loose-envify/1.4.0
      object-assign: registry.npmjs.org/object-assign/4.1.1
      react: registry.npmjs.org/react/17.0.2
      scheduler: registry.npmjs.org/scheduler/0.20.2
    dev: false

  registry.npmjs.org/react-is/16.13.1:
    resolution: {integrity: sha512-24e6ynE2H+OKt4kqsOvNd8kBpV65zoxbA4BVsEOB3ARVWQki/DHzaUoC5KuON/BiccDaCCTZBuOcfZs70kR8bQ==, registry: https://registry.npmjs.com/, tarball: https://registry.npmjs.org/react-is/-/react-is-16.13.1.tgz}
    name: react-is
    version: 16.13.1
    dev: false

  registry.npmjs.org/react-lifecycles-compat/3.0.4:
    resolution: {integrity: sha512-fBASbA6LnOU9dOU2eW7aQ8xmYBSXUIWr+UmF9b1efZBazGNO+rcXT/icdKnYm2pTwcRylVUYwW7H1PHfLekVzA==, registry: https://registry.npmjs.com/, tarball: https://registry.npmjs.org/react-lifecycles-compat/-/react-lifecycles-compat-3.0.4.tgz}
    name: react-lifecycles-compat
    version: 3.0.4
    dev: false

  registry.npmjs.org/react-transition-group/4.4.5_sfoxds7t5ydpegc3knd667wn6m:
    resolution: {integrity: sha512-pZcd1MCJoiKiBR2NRxeCRg13uCXbydPnmB4EOeRrY7480qNWO8IIgQG6zlDkm6uRMsURXPuKq0GWtiM59a5Q6g==, registry: https://registry.npmjs.com/, tarball: https://registry.npmjs.org/react-transition-group/-/react-transition-group-4.4.5.tgz}
    id: registry.npmjs.org/react-transition-group/4.4.5
    name: react-transition-group
    version: 4.4.5
    peerDependencies:
      react: '>=16.6.0'
      react-dom: '>=16.6.0'
    dependencies:
      '@babel/runtime': registry.npmjs.org/@babel/runtime/7.20.0
      dom-helpers: registry.npmjs.org/dom-helpers/5.2.1
      loose-envify: registry.npmjs.org/loose-envify/1.4.0
      prop-types: registry.npmjs.org/prop-types/15.8.1
      react: registry.npmjs.org/react/17.0.2
      react-dom: registry.npmjs.org/react-dom/17.0.2_react@17.0.2
    dev: false

  registry.npmjs.org/react/17.0.2:
    resolution: {integrity: sha512-gnhPt75i/dq/z3/6q/0asP78D0u592D5L1pd7M8P+dck6Fu/jJeL6iVVK23fptSUZj8Vjf++7wXA8UNclGQcbA==, registry: https://registry.npmjs.com/, tarball: https://registry.npmjs.org/react/-/react-17.0.2.tgz}
    name: react
    version: 17.0.2
    engines: {node: '>=0.10.0'}
    dependencies:
      loose-envify: registry.npmjs.org/loose-envify/1.4.0
      object-assign: registry.npmjs.org/object-assign/4.1.1
    dev: false

  registry.npmjs.org/regenerator-runtime/0.13.10:
    resolution: {integrity: sha512-KepLsg4dU12hryUO7bp/axHAKvwGOCV0sGloQtpagJ12ai+ojVDqkeGSiRX1zlq+kjIMZ1t7gpze+26QqtdGqw==, registry: https://registry.npmjs.com/, tarball: https://registry.npmjs.org/regenerator-runtime/-/regenerator-runtime-0.13.10.tgz}
    name: regenerator-runtime
    version: 0.13.10
    dev: false

  registry.npmjs.org/scheduler/0.20.2:
    resolution: {integrity: sha512-2eWfGgAqqWFGqtdMmcL5zCMK1U8KlXv8SQFGglL3CEtd0aDVDWgeF/YoCmvln55m5zSk3J/20hTaSBeSObsQDQ==, registry: https://registry.npmjs.com/, tarball: https://registry.npmjs.org/scheduler/-/scheduler-0.20.2.tgz}
    name: scheduler
    version: 0.20.2
    dependencies:
      loose-envify: registry.npmjs.org/loose-envify/1.4.0
      object-assign: registry.npmjs.org/object-assign/4.1.1
    dev: false

  registry.npmjs.org/source-map-js/1.0.2:
    resolution: {integrity: sha512-R0XvVJ9WusLiqTCEiGCmICCMplcCkIwwR11mOSD9CR5u+IXYdiseeEuXCVAjS54zqwkLcPNnmU4OeJ6tUrWhDw==, registry: https://registry.npmjs.com/, tarball: https://registry.npmjs.org/source-map-js/-/source-map-js-1.0.2.tgz}
    name: source-map-js
    version: 1.0.2
    engines: {node: '>=0.10.0'}
    dev: false

  registry.npmjs.org/styled-jsx/5.0.7_react@17.0.2:
    resolution: {integrity: sha512-b3sUzamS086YLRuvnaDigdAewz1/EFYlHpYBP5mZovKEdQQOIIYq8lApylub3HHZ6xFjV051kkGU7cudJmrXEA==, registry: https://registry.npmjs.com/, tarball: https://registry.npmjs.org/styled-jsx/-/styled-jsx-5.0.7.tgz}
    id: registry.npmjs.org/styled-jsx/5.0.7
    name: styled-jsx
    version: 5.0.7
    engines: {node: '>= 12.0.0'}
    peerDependencies:
      '@babel/core': '*'
      babel-plugin-macros: '*'
      react: '>= 16.8.0 || 17.x.x || ^18.0.0-0'
    peerDependenciesMeta:
      '@babel/core':
        optional: true
      babel-plugin-macros:
        optional: true
    dependencies:
      react: registry.npmjs.org/react/17.0.2
    dev: false

  registry.npmjs.org/tslib/2.4.0:
    resolution: {integrity: sha512-d6xOpEDfsi2CZVlPQzGeux8XMwLT9hssAsaPYExaQMuYskwb+x1x7J371tWlbBdWHroy99KnVB6qIkUbs5X3UQ==, registry: https://registry.npmjs.com/, tarball: https://registry.npmjs.org/tslib/-/tslib-2.4.0.tgz}
    name: tslib
    version: 2.4.0
    dev: false

  registry.npmjs.org/uncontrollable/7.2.1_react@17.0.2:
    resolution: {integrity: sha512-svtcfoTADIB0nT9nltgjujTi7BzVmwjZClOmskKu/E8FW9BXzg9os8OLr4f8Dlnk0rYWJIWr4wv9eKUXiQvQwQ==, registry: https://registry.npmjs.com/, tarball: https://registry.npmjs.org/uncontrollable/-/uncontrollable-7.2.1.tgz}
    id: registry.npmjs.org/uncontrollable/7.2.1
    name: uncontrollable
    version: 7.2.1
    peerDependencies:
      react: '>=15.0.0'
    dependencies:
      '@babel/runtime': registry.npmjs.org/@babel/runtime/7.20.0
      '@types/react': registry.npmjs.org/@types/react/18.0.24
      invariant: registry.npmjs.org/invariant/2.2.4
      react: registry.npmjs.org/react/17.0.2
      react-lifecycles-compat: registry.npmjs.org/react-lifecycles-compat/3.0.4
    dev: false

  registry.npmjs.org/use-sync-external-store/1.2.0_react@17.0.2:
    resolution: {integrity: sha512-eEgnFxGQ1Ife9bzYs6VLi8/4X6CObHMw9Qr9tPY43iKwsPw8xE8+EFsf/2cFZ5S3esXgpWgtSCtLNS41F+sKPA==, registry: https://registry.npmjs.com/, tarball: https://registry.npmjs.org/use-sync-external-store/-/use-sync-external-store-1.2.0.tgz}
    id: registry.npmjs.org/use-sync-external-store/1.2.0
    name: use-sync-external-store
    version: 1.2.0
    peerDependencies:
      react: ^16.8.0 || ^17.0.0 || ^18.0.0
    dependencies:
      react: registry.npmjs.org/react/17.0.2
    dev: false

  registry.npmjs.org/warning/4.0.3:
    resolution: {integrity: sha512-rpJyN222KWIvHJ/F53XSZv0Zl/accqHR8et1kpaMTD/fLCRxtV8iX8czMzY7sVZupTI3zcUTg8eycS2kNF9l6w==, registry: https://registry.npmjs.com/, tarball: https://registry.npmjs.org/warning/-/warning-4.0.3.tgz}
    name: warning
    version: 4.0.3
    dependencies:
      loose-envify: registry.npmjs.org/loose-envify/1.4.0
    dev: false
